
Microsoft Visual Studio Solution File, Format Version 12.00
# Visual Studio Version 17
VisualStudioVersion = 17.5.002.0
MinimumVisualStudioVersion = 10.0.40219.1
Project("{9A19103F-16F7-4668-BE54-9A1E7A4F7556}") = "biddingServer", "biddingServer.csproj", "{EBA29962-FFB1-41EC-A819-B8544FC9CB89}"
EndProject
Global
	GlobalSection(SolutionConfigurationPlatforms) = preSolution
		Debug|Any CPU = Debug|Any CPU
		Release|Any CPU = Release|Any CPU
	EndGlobalSection
	GlobalSection(ProjectConfigurationPlatforms) = postSolution
		{EBA29962-FFB1-41EC-A819-B8544FC9CB89}.Debug|Any CPU.ActiveCfg = Debug|Any CPU
		{EBA29962-FFB1-41EC-A819-B8544FC9CB89}.Debug|Any CPU.Build.0 = Debug|Any CPU
		{EBA29962-FFB1-41EC-A819-B8544FC9CB89}.Release|Any CPU.ActiveCfg = Release|Any CPU
		{EBA29962-FFB1-41EC-A819-B8544FC9CB89}.Release|Any CPU.Build.0 = Release|Any CPU
	EndGlobalSection
	GlobalSection(SolutionProperties) = preSolution
		HideSolutionNode = FALSE
	EndGlobalSection
	GlobalSection(ExtensibilityGlobals) = postSolution
		SolutionGuid = {881283D6-1068-48B8-A822-46F8D0E5A4FA}
	EndGlobalSection
EndGlobal
